<Solution>
  <Folder Name="/src/">
    <Project Path="src/FinanPro.Api/FinanPro.Api.csproj" />
    <Project Path="src/FinanPro.Application/FinanPro.Application.csproj" />
    <Project Path="src/FinanPro.Domain/FinanPro.Domain.csproj" />
    <Project Path="src/FinanPro.Infrastructure/FinanPro.Infrastructure.csproj" />
  </Folder>
</Solution>
